{
  "name": "client",
  "version": "0.1.0",
  "lockfileVersion": 1,
  "requires": true,
  "dependencies": {
    "argparse": {
      "version": "1.0.10",
      "resolved": "https://registry.npmjs.org/argparse/-/argparse-1.0.10.tgz",
      "integrity": "sha512-o5Roy6tNG4SL/FOkCAN6RzjiakZS25RLYFrcMttJqbdd8BWrnA+fGz57iN5Pb06pvBGvl5gQ0B48dJlslXvoTg==",
      "requires": {
        "sprintf-js": "~1.0.2"
      }
    },
    "autolinker": {
      "version": "3.11.1",
      "resolved": "https://registry.npmjs.org/autolinker/-/autolinker-3.11.1.tgz",
      "integrity": "sha512-6sAmetStorjXvwmV8MBxI5DGICHKD1B5EjdkIrq34X6YBDN6jj54EUHnoHgNqmNCclcf8c409zuVMNy449u80g==",
      "requires": {
        "tslib": "^1.9.3"
      }
    },
    "remarkable": {
      "version": "2.0.0",
      "resolved": "https://registry.npmjs.org/remarkable/-/remarkable-2.0.0.tgz",
      "integrity": "sha512-3gvKFAgL4xmmVRKAMNm6UzDo/rO2gPVkZrWagp6AXEA4JvCcMcRx9aapYbb7AJAmLLvi/u06+EhzqoS7ha9qOg==",
      "requires": {
        "argparse": "^1.0.10",
        "autolinker": "^3.11.0"
      }
    },
    "sprintf-js": {
      "version": "1.0.3",
      "resolved": "https://registry.npmjs.org/sprintf-js/-/sprintf-js-1.0.3.tgz",
      "integrity": "sha1-BOaSb2YolTVPPdAVIDYzuFcpfiw="
    },
    "tslib": {
      "version": "1.10.0",
      "resolved": "https://registry.npmjs.org/tslib/-/tslib-1.10.0.tgz",
      "integrity": "sha512-qOebF53frne81cf0S9B41ByenJ3/IuH8yJKngAX35CmiZySA0khhkovshKK+jGCaMnVomla7gVlIcc3EvKPbTQ=="
    }
  }
}
